
Microsoft Visual Studio Solution File, Format Version 12.00
# Visual Studio Version 16
VisualStudioVersion = 16.0.30413.136
MinimumVisualStudioVersion = 10.0.40219.1
Project("{FAE04EC0-301F-11D3-BF4B-00C04F79EFBC}") = "VsProjectPoker21", "VsProjectPoker21\VsProjectPoker21.csproj", "{99258A55-EE08-4916-B099-A0BF0109B773}"
EndProject
Global
	GlobalSection(SolutionConfigurationPlatforms) = preSolution
		Debug|Any CPU = Debug|Any CPU
		Release|Any CPU = Release|Any CPU
	EndGlobalSection
	GlobalSection(ProjectConfigurationPlatforms) = postSolution
		{99258A55-EE08-4916-B099-A0BF0109B773}.Debug|Any CPU.ActiveCfg = Debug|Any CPU
		{99258A55-EE08-4916-B099-A0BF0109B773}.Debug|Any CPU.Build.0 = Debug|Any CPU
		{99258A55-EE08-4916-B099-A0BF0109B773}.Release|Any CPU.ActiveCfg = Release|Any CPU
		{99258A55-EE08-4916-B099-A0BF0109B773}.Release|Any CPU.Build.0 = Release|Any CPU
	EndGlobalSection
	GlobalSection(SolutionProperties) = preSolution
		HideSolutionNode = FALSE
	EndGlobalSection
	GlobalSection(ExtensibilityGlobals) = postSolution
		SolutionGuid = {F4068AC1-5C3F-4DE5-80ED-57E0691C60B3}
	EndGlobalSection
EndGlobal
